
Microsoft Visual Studio Solution File, Format Version 12.00
# Visual Studio 2013
VisualStudioVersion = 12.0.30723.0
MinimumVisualStudioVersion = 10.0.40219.1
Project("{FAE04EC0-301F-11D3-BF4B-00C04F79EFBC}") = "DemoApp", "DemoApp\DemoApp.csproj", "{ED4D7A89-B456-4D4A-9E24-570D9D8ECA46}"
EndProject
Project("{FAE04EC0-301F-11D3-BF4B-00C04F79EFBC}") = "csExWB", "csExWB.csproj", "{E8E8BB5D-3302-4763-94F2-A8A238F7D6EA}"
EndProject
Project("{8BC9CEB8-8B4A-11D0-8D11-00A0C91BC942}") = "csExWBDLMan", "COM_Component_Src\csExWBDLMan.vcxproj", "{2AD7FFB3-90B4-4B2D-8C8A-28DEF0309229}"
EndProject
Global
	GlobalSection(SolutionConfigurationPlatforms) = preSolution
		Debug|Any CPU = Debug|Any CPU
		Debug|Mixed Platforms = Debug|Mixed Platforms
		Debug|Win32 = Debug|Win32
		Debug|x64 = Debug|x64
		Release MinDependency|Any CPU = Release MinDependency|Any CPU
		Release MinDependency|Mixed Platforms = Release MinDependency|Mixed Platforms
		Release MinDependency|Win32 = Release MinDependency|Win32
		Release MinDependency|x64 = Release MinDependency|x64
		Release MinSize|Any CPU = Release MinSize|Any CPU
		Release MinSize|Mixed Platforms = Release MinSize|Mixed Platforms
		Release MinSize|Win32 = Release MinSize|Win32
		Release MinSize|x64 = Release MinSize|x64
		Release|Any CPU = Release|Any CPU
		Release|Mixed Platforms = Release|Mixed Platforms
		Release|Win32 = Release|Win32
		Release|x64 = Release|x64
		Unicode Debug|Any CPU = Unicode Debug|Any CPU
		Unicode Debug|Mixed Platforms = Unicode Debug|Mixed Platforms
		Unicode Debug|Win32 = Unicode Debug|Win32
		Unicode Debug|x64 = Unicode Debug|x64
		Unicode Release MinDependency|Any CPU = Unicode Release MinDependency|Any CPU
		Unicode Release MinDependency|Mixed Platforms = Unicode Release MinDependency|Mixed Platforms
		Unicode Release MinDependency|Win32 = Unicode Release MinDependency|Win32
		Unicode Release MinDependency|x64 = Unicode Release MinDependency|x64
		Unicode Release MinSize|Any CPU = Unicode Release MinSize|Any CPU
		Unicode Release MinSize|Mixed Platforms = Unicode Release MinSize|Mixed Platforms
		Unicode Release MinSize|Win32 = Unicode Release MinSize|Win32
		Unicode Release MinSize|x64 = Unicode Release MinSize|x64
	EndGlobalSection
	GlobalSection(ProjectConfigurationPlatforms) = postSolution
		{ED4D7A89-B456-4D4A-9E24-570D9D8ECA46}.Debug|Any CPU.ActiveCfg = Debug|Any CPU
		{ED4D7A89-B456-4D4A-9E24-570D9D8ECA46}.Debug|Any CPU.Build.0 = Debug|Any CPU
		{ED4D7A89-B456-4D4A-9E24-570D9D8ECA46}.Debug|Mixed Platforms.ActiveCfg = Debug|Any CPU
		{ED4D7A89-B456-4D4A-9E24-570D9D8ECA46}.Debug|Mixed Platforms.Build.0 = Debug|Any CPU
		{ED4D7A89-B456-4D4A-9E24-570D9D8ECA46}.Debug|Win32.ActiveCfg = Debug|Any CPU
		{ED4D7A89-B456-4D4A-9E24-570D9D8ECA46}.Debug|x64.ActiveCfg = Debug|Any CPU
		{ED4D7A89-B456-4D4A-9E24-570D9D8ECA46}.Release MinDependency|Any CPU.ActiveCfg = Release|Any CPU
		{ED4D7A89-B456-4D4A-9E24-570D9D8ECA46}.Release MinDependency|Any CPU.Build.0 = Release|Any CPU
		{ED4D7A89-B456-4D4A-9E24-570D9D8ECA46}.Release MinDependency|Mixed Platforms.ActiveCfg = Release|Any CPU
		{ED4D7A89-B456-4D4A-9E24-570D9D8ECA46}.Release MinDependency|Mixed Platforms.Build.0 = Release|Any CPU
		{ED4D7A89-B456-4D4A-9E24-570D9D8ECA46}.Release MinDependency|Win32.ActiveCfg = Release|Any CPU
		{ED4D7A89-B456-4D4A-9E24-570D9D8ECA46}.Release MinDependency|x64.ActiveCfg = Release|Any CPU
		{ED4D7A89-B456-4D4A-9E24-570D9D8ECA46}.Release MinSize|Any CPU.ActiveCfg = Release|Any CPU
		{ED4D7A89-B456-4D4A-9E24-570D9D8ECA46}.Release MinSize|Any CPU.Build.0 = Release|Any CPU
		{ED4D7A89-B456-4D4A-9E24-570D9D8ECA46}.Release MinSize|Mixed Platforms.ActiveCfg = Release|Any CPU
		{ED4D7A89-B456-4D4A-9E24-570D9D8ECA46}.Release MinSize|Mixed Platforms.Build.0 = Release|Any CPU
		{ED4D7A89-B456-4D4A-9E24-570D9D8ECA46}.Release MinSize|Win32.ActiveCfg = Release|Any CPU
		{ED4D7A89-B456-4D4A-9E24-570D9D8ECA46}.Release MinSize|x64.ActiveCfg = Release|Any CPU
		{ED4D7A89-B456-4D4A-9E24-570D9D8ECA46}.Release|Any CPU.ActiveCfg = Release|Any CPU
		{ED4D7A89-B456-4D4A-9E24-570D9D8ECA46}.Release|Any CPU.Build.0 = Release|Any CPU
		{ED4D7A89-B456-4D4A-9E24-570D9D8ECA46}.Release|Mixed Platforms.ActiveCfg = Release|Any CPU
		{ED4D7A89-B456-4D4A-9E24-570D9D8ECA46}.Release|Mixed Platforms.Build.0 = Release|Any CPU
		{ED4D7A89-B456-4D4A-9E24-570D9D8ECA46}.Release|Win32.ActiveCfg = Release|Any CPU
		{ED4D7A89-B456-4D4A-9E24-570D9D8ECA46}.Release|x64.ActiveCfg = Release|Any CPU
		{ED4D7A89-B456-4D4A-9E24-570D9D8ECA46}.Unicode Debug|Any CPU.ActiveCfg = Debug|Any CPU
		{ED4D7A89-B456-4D4A-9E24-570D9D8ECA46}.Unicode Debug|Any CPU.Build.0 = Debug|Any CPU
		{ED4D7A89-B456-4D4A-9E24-570D9D8ECA46}.Unicode Debug|Mixed Platforms.ActiveCfg = Debug|Any CPU
		{ED4D7A89-B456-4D4A-9E24-570D9D8ECA46}.Unicode Debug|Mixed Platforms.Build.0 = Debug|Any CPU
		{ED4D7A89-B456-4D4A-9E24-570D9D8ECA46}.Unicode Debug|Win32.ActiveCfg = Debug|Any CPU
		{ED4D7A89-B456-4D4A-9E24-570D9D8ECA46}.Unicode Debug|x64.ActiveCfg = Debug|Any CPU
		{ED4D7A89-B456-4D4A-9E24-570D9D8ECA46}.Unicode Release MinDependency|Any CPU.ActiveCfg = Release|Any CPU
		{ED4D7A89-B456-4D4A-9E24-570D9D8ECA46}.Unicode Release MinDependency|Any CPU.Build.0 = Release|Any CPU
		{ED4D7A89-B456-4D4A-9E24-570D9D8ECA46}.Unicode Release MinDependency|Mixed Platforms.ActiveCfg = Release|Any CPU
		{ED4D7A89-B456-4D4A-9E24-570D9D8ECA46}.Unicode Release MinDependency|Mixed Platforms.Build.0 = Release|Any CPU
		{ED4D7A89-B456-4D4A-9E24-570D9D8ECA46}.Unicode Release MinDependency|Win32.ActiveCfg = Release|Any CPU
		{ED4D7A89-B456-4D4A-9E24-570D9D8ECA46}.Unicode Release MinDependency|x64.ActiveCfg = Release|Any CPU
		{ED4D7A89-B456-4D4A-9E24-570D9D8ECA46}.Unicode Release MinSize|Any CPU.ActiveCfg = Release|Any CPU
		{ED4D7A89-B456-4D4A-9E24-570D9D8ECA46}.Unicode Release MinSize|Any CPU.Build.0 = Release|Any CPU
		{ED4D7A89-B456-4D4A-9E24-570D9D8ECA46}.Unicode Release MinSize|Mixed Platforms.ActiveCfg = Release|Any CPU
		{ED4D7A89-B456-4D4A-9E24-570D9D8ECA46}.Unicode Release MinSize|Mixed Platforms.Build.0 = Release|Any CPU
		{ED4D7A89-B456-4D4A-9E24-570D9D8ECA46}.Unicode Release MinSize|Win32.ActiveCfg = Release|Any CPU
		{ED4D7A89-B456-4D4A-9E24-570D9D8ECA46}.Unicode Release MinSize|x64.ActiveCfg = Release|Any CPU
		{E8E8BB5D-3302-4763-94F2-A8A238F7D6EA}.Debug|Any CPU.ActiveCfg = Debug|Any CPU
		{E8E8BB5D-3302-4763-94F2-A8A238F7D6EA}.Debug|Any CPU.Build.0 = Debug|Any CPU
		{E8E8BB5D-3302-4763-94F2-A8A238F7D6EA}.Debug|Mixed Platforms.ActiveCfg = Debug|Any CPU
		{E8E8BB5D-3302-4763-94F2-A8A238F7D6EA}.Debug|Mixed Platforms.Build.0 = Debug|Any CPU
		{E8E8BB5D-3302-4763-94F2-A8A238F7D6EA}.Debug|Win32.ActiveCfg = Debug|Any CPU
		{E8E8BB5D-3302-4763-94F2-A8A238F7D6EA}.Debug|x64.ActiveCfg = Debug|Any CPU
		{E8E8BB5D-3302-4763-94F2-A8A238F7D6EA}.Release MinDependency|Any CPU.ActiveCfg = Release|Any CPU
		{E8E8BB5D-3302-4763-94F2-A8A238F7D6EA}.Release MinDependency|Any CPU.Build.0 = Release|Any CPU
		{E8E8BB5D-3302-4763-94F2-A8A238F7D6EA}.Release MinDependency|Mixed Platforms.ActiveCfg = Release|Any CPU
		{E8E8BB5D-3302-4763-94F2-A8A238F7D6EA}.Release MinDependency|Mixed Platforms.Build.0 = Release|Any CPU
		{E8E8BB5D-3302-4763-94F2-A8A238F7D6EA}.Release MinDependency|Win32.ActiveCfg = Release|Any CPU
		{E8E8BB5D-3302-4763-94F2-A8A238F7D6EA}.Release MinDependency|x64.ActiveCfg = Release|Any CPU
		{E8E8BB5D-3302-4763-94F2-A8A238F7D6EA}.Release MinSize|Any CPU.ActiveCfg = Release|Any CPU
		{E8E8BB5D-3302-4763-94F2-A8A238F7D6EA}.Release MinSize|Any CPU.Build.0 = Release|Any CPU
		{E8E8BB5D-3302-4763-94F2-A8A238F7D6EA}.Release MinSize|Mixed Platforms.ActiveCfg = Release|Any CPU
		{E8E8BB5D-3302-4763-94F2-A8A238F7D6EA}.Release MinSize|Mixed Platforms.Build.0 = Release|Any CPU
		{E8E8BB5D-3302-4763-94F2-A8A238F7D6EA}.Release MinSize|Win32.ActiveCfg = Release|Any CPU
		{E8E8BB5D-3302-4763-94F2-A8A238F7D6EA}.Release MinSize|x64.ActiveCfg = Release|Any CPU
		{E8E8BB5D-3302-4763-94F2-A8A238F7D6EA}.Release|Any CPU.ActiveCfg = Release|Any CPU
		{E8E8BB5D-3302-4763-94F2-A8A238F7D6EA}.Release|Any CPU.Build.0 = Release|Any CPU
		{E8E8BB5D-3302-4763-94F2-A8A238F7D6EA}.Release|Mixed Platforms.ActiveCfg = Release|Any CPU
		{E8E8BB5D-3302-4763-94F2-A8A238F7D6EA}.Release|Mixed Platforms.Build.0 = Release|Any CPU
		{E8E8BB5D-3302-4763-94F2-A8A238F7D6EA}.Release|Win32.ActiveCfg = Release|Any CPU
		{E8E8BB5D-3302-4763-94F2-A8A238F7D6EA}.Release|x64.ActiveCfg = Release|Any CPU
		{E8E8BB5D-3302-4763-94F2-A8A238F7D6EA}.Unicode Debug|Any CPU.ActiveCfg = Debug|Any CPU
		{E8E8BB5D-3302-4763-94F2-A8A238F7D6EA}.Unicode Debug|Any CPU.Build.0 = Debug|Any CPU
		{E8E8BB5D-3302-4763-94F2-A8A238F7D6EA}.Unicode Debug|Mixed Platforms.ActiveCfg = Debug|Any CPU
		{E8E8BB5D-3302-4763-94F2-A8A238F7D6EA}.Unicode Debug|Mixed Platforms.Build.0 = Debug|Any CPU
		{E8E8BB5D-3302-4763-94F2-A8A238F7D6EA}.Unicode Debug|Win32.ActiveCfg = Debug|Any CPU
		{E8E8BB5D-3302-4763-94F2-A8A238F7D6EA}.Unicode Debug|x64.ActiveCfg = Debug|Any CPU
		{E8E8BB5D-3302-4763-94F2-A8A238F7D6EA}.Unicode Release MinDependency|Any CPU.ActiveCfg = Release|Any CPU
		{E8E8BB5D-3302-4763-94F2-A8A238F7D6EA}.Unicode Release MinDependency|Any CPU.Build.0 = Release|Any CPU
		{E8E8BB5D-3302-4763-94F2-A8A238F7D6EA}.Unicode Release MinDependency|Mixed Platforms.ActiveCfg = Release|Any CPU
		{E8E8BB5D-3302-4763-94F2-A8A238F7D6EA}.Unicode Release MinDependency|Mixed Platforms.Build.0 = Release|Any CPU
		{E8E8BB5D-3302-4763-94F2-A8A238F7D6EA}.Unicode Release MinDependency|Win32.ActiveCfg = Release|Any CPU
		{E8E8BB5D-3302-4763-94F2-A8A238F7D6EA}.Unicode Release MinDependency|x64.ActiveCfg = Release|Any CPU
		{E8E8BB5D-3302-4763-94F2-A8A238F7D6EA}.Unicode Release MinSize|Any CPU.ActiveCfg = Release|Any CPU
		{E8E8BB5D-3302-4763-94F2-A8A238F7D6EA}.Unicode Release MinSize|Any CPU.Build.0 = Release|Any CPU
		{E8E8BB5D-3302-4763-94F2-A8A238F7D6EA}.Unicode Release MinSize|Mixed Platforms.ActiveCfg = Release|Any CPU
		{E8E8BB5D-3302-4763-94F2-A8A238F7D6EA}.Unicode Release MinSize|Mixed Platforms.Build.0 = Release|Any CPU
		{E8E8BB5D-3302-4763-94F2-A8A238F7D6EA}.Unicode Release MinSize|Win32.ActiveCfg = Release|Any CPU
		{E8E8BB5D-3302-4763-94F2-A8A238F7D6EA}.Unicode Release MinSize|x64.ActiveCfg = Release|Any CPU
		{2AD7FFB3-90B4-4B2D-8C8A-28DEF0309229}.Debug|Any CPU.ActiveCfg = Debug|x64
		{2AD7FFB3-90B4-4B2D-8C8A-28DEF0309229}.Debug|Any CPU.Build.0 = Debug|x64
		{2AD7FFB3-90B4-4B2D-8C8A-28DEF0309229}.Debug|Mixed Platforms.ActiveCfg = Debug|Win32
		{2AD7FFB3-90B4-4B2D-8C8A-28DEF0309229}.Debug|Mixed Platforms.Build.0 = Debug|Win32
		{2AD7FFB3-90B4-4B2D-8C8A-28DEF0309229}.Debug|Win32.ActiveCfg = Debug|Win32
		{2AD7FFB3-90B4-4B2D-8C8A-28DEF0309229}.Debug|Win32.Build.0 = Debug|Win32
		{2AD7FFB3-90B4-4B2D-8C8A-28DEF0309229}.Debug|x64.ActiveCfg = Debug|x64
		{2AD7FFB3-90B4-4B2D-8C8A-28DEF0309229}.Debug|x64.Build.0 = Debug|x64
		{2AD7FFB3-90B4-4B2D-8C8A-28DEF0309229}.Release MinDependency|Any CPU.ActiveCfg = Release MinDependency|Win32
		{2AD7FFB3-90B4-4B2D-8C8A-28DEF0309229}.Release MinDependency|Mixed Platforms.ActiveCfg = Release MinDependency|Win32
		{2AD7FFB3-90B4-4B2D-8C8A-28DEF0309229}.Release MinDependency|Mixed Platforms.Build.0 = Release MinDependency|Win32
		{2AD7FFB3-90B4-4B2D-8C8A-28DEF0309229}.Release MinDependency|Win32.ActiveCfg = Release MinDependency|Win32
		{2AD7FFB3-90B4-4B2D-8C8A-28DEF0309229}.Release MinDependency|Win32.Build.0 = Release MinDependency|Win32
		{2AD7FFB3-90B4-4B2D-8C8A-28DEF0309229}.Release MinDependency|x64.ActiveCfg = Release MinDependency|x64
		{2AD7FFB3-90B4-4B2D-8C8A-28DEF0309229}.Release MinDependency|x64.Build.0 = Release MinDependency|x64
		{2AD7FFB3-90B4-4B2D-8C8A-28DEF0309229}.Release MinSize|Any CPU.ActiveCfg = Release MinSize|Win32
		{2AD7FFB3-90B4-4B2D-8C8A-28DEF0309229}.Release MinSize|Mixed Platforms.ActiveCfg = Release MinSize|Win32
		{2AD7FFB3-90B4-4B2D-8C8A-28DEF0309229}.Release MinSize|Mixed Platforms.Build.0 = Release MinSize|Win32
		{2AD7FFB3-90B4-4B2D-8C8A-28DEF0309229}.Release MinSize|Win32.ActiveCfg = Release MinSize|Win32
		{2AD7FFB3-90B4-4B2D-8C8A-28DEF0309229}.Release MinSize|Win32.Build.0 = Release MinSize|Win32
		{2AD7FFB3-90B4-4B2D-8C8A-28DEF0309229}.Release MinSize|x64.ActiveCfg = Release MinSize|x64
		{2AD7FFB3-90B4-4B2D-8C8A-28DEF0309229}.Release MinSize|x64.Build.0 = Release MinSize|x64
		{2AD7FFB3-90B4-4B2D-8C8A-28DEF0309229}.Release|Any CPU.ActiveCfg = Unicode Release MinDependency|Win32
		{2AD7FFB3-90B4-4B2D-8C8A-28DEF0309229}.Release|Mixed Platforms.ActiveCfg = Unicode Release MinDependency|Win32
		{2AD7FFB3-90B4-4B2D-8C8A-28DEF0309229}.Release|Mixed Platforms.Build.0 = Unicode Release MinDependency|Win32
		{2AD7FFB3-90B4-4B2D-8C8A-28DEF0309229}.Release|Win32.ActiveCfg = Unicode Release MinDependency|Win32
		{2AD7FFB3-90B4-4B2D-8C8A-28DEF0309229}.Release|Win32.Build.0 = Unicode Release MinDependency|Win32
		{2AD7FFB3-90B4-4B2D-8C8A-28DEF0309229}.Release|x64.ActiveCfg = Unicode Release MinDependency|x64
		{2AD7FFB3-90B4-4B2D-8C8A-28DEF0309229}.Release|x64.Build.0 = Unicode Release MinDependency|x64
		{2AD7FFB3-90B4-4B2D-8C8A-28DEF0309229}.Unicode Debug|Any CPU.ActiveCfg = Unicode Debug|Win32
		{2AD7FFB3-90B4-4B2D-8C8A-28DEF0309229}.Unicode Debug|Mixed Platforms.ActiveCfg = Unicode Debug|Win32
		{2AD7FFB3-90B4-4B2D-8C8A-28DEF0309229}.Unicode Debug|Mixed Platforms.Build.0 = Unicode Debug|Win32
		{2AD7FFB3-90B4-4B2D-8C8A-28DEF0309229}.Unicode Debug|Win32.ActiveCfg = Unicode Debug|Win32
		{2AD7FFB3-90B4-4B2D-8C8A-28DEF0309229}.Unicode Debug|Win32.Build.0 = Unicode Debug|Win32
		{2AD7FFB3-90B4-4B2D-8C8A-28DEF0309229}.Unicode Debug|x64.ActiveCfg = Unicode Debug|x64
		{2AD7FFB3-90B4-4B2D-8C8A-28DEF0309229}.Unicode Debug|x64.Build.0 = Unicode Debug|x64
		{2AD7FFB3-90B4-4B2D-8C8A-28DEF0309229}.Unicode Release MinDependency|Any CPU.ActiveCfg = Unicode Release MinDependency|Win32
		{2AD7FFB3-90B4-4B2D-8C8A-28DEF0309229}.Unicode Release MinDependency|Mixed Platforms.ActiveCfg = Unicode Release MinDependency|Win32
		{2AD7FFB3-90B4-4B2D-8C8A-28DEF0309229}.Unicode Release MinDependency|Mixed Platforms.Build.0 = Unicode Release MinDependency|Win32
		{2AD7FFB3-90B4-4B2D-8C8A-28DEF0309229}.Unicode Release MinDependency|Win32.ActiveCfg = Unicode Release MinDependency|Win32
		{2AD7FFB3-90B4-4B2D-8C8A-28DEF0309229}.Unicode Release MinDependency|Win32.Build.0 = Unicode Release MinDependency|Win32
		{2AD7FFB3-90B4-4B2D-8C8A-28DEF0309229}.Unicode Release MinDependency|x64.ActiveCfg = Unicode Release MinDependency|x64
		{2AD7FFB3-90B4-4B2D-8C8A-28DEF0309229}.Unicode Release MinDependency|x64.Build.0 = Unicode Release MinDependency|x64
		{2AD7FFB3-90B4-4B2D-8C8A-28DEF0309229}.Unicode Release MinSize|Any CPU.ActiveCfg = Unicode Release MinSize|Win32
		{2AD7FFB3-90B4-4B2D-8C8A-28DEF0309229}.Unicode Release MinSize|Mixed Platforms.ActiveCfg = Unicode Release MinSize|Win32
		{2AD7FFB3-90B4-4B2D-8C8A-28DEF0309229}.Unicode Release MinSize|Mixed Platforms.Build.0 = Unicode Release MinSize|Win32
		{2AD7FFB3-90B4-4B2D-8C8A-28DEF0309229}.Unicode Release MinSize|Win32.ActiveCfg = Unicode Release MinSize|Win32
		{2AD7FFB3-90B4-4B2D-8C8A-28DEF0309229}.Unicode Release MinSize|Win32.Build.0 = Unicode Release MinSize|Win32
		{2AD7FFB3-90B4-4B2D-8C8A-28DEF0309229}.Unicode Release MinSize|x64.ActiveCfg = Unicode Release MinSize|x64
		{2AD7FFB3-90B4-4B2D-8C8A-28DEF0309229}.Unicode Release MinSize|x64.Build.0 = Unicode Release MinSize|x64
	EndGlobalSection
	GlobalSection(SolutionProperties) = preSolution
		HideSolutionNode = FALSE
	EndGlobalSection
EndGlobal
